// !$*UTF8*$!
{
	archiveVersion = 1;
	classes = {
	};
	objectVersion = 77;
	objects = {

/* Begin PBXContainerItemProxy section */
		279DCB0F302CAA3C00F19BA7 /* PBXContainerItemProxy */ = {
			isa = PBXContainerItemProxy;
			containerPortal = 279DCAF9302CAA3B00F19BA7 /* Project object */;
			proxyType = 1;
			remoteGlobalIDString = 279DCB00302CAA3B00F19BA7;
			remoteInfo = "Pick Up";
		};
		279DCB19302CAA3C00F19BA7 /* PBXContainerItemProxy */ = {
			isa = PBXContainerItemProxy;
			containerPortal = 279DCAF9302CAA3B00F19BA7 /* Project object */;
			proxyType = 1;
			remoteGlobalIDString = 279DCB00302CAA3B00F19BA7;
			remoteInfo = "Pick Up";
		};
/* End PBXContainerItemProxy section */

/* Begin PBXFileReference section */
		279DCB01302CAA3B00F19BA7 /* Pick Up.app */ = {isa = PBXFileReference; explicitFileType = wrapper.application; includeInIndex = 0; path = "Pick Up.app"; sourceTree = BUILT_PRODUCTS_DIR; };
		279DCB0E302CAA3C00F19BA7 /* Pick UpTests.xctest */ = {isa = PBXFileReference; explicitFileType = wrapper.cfbundle; includeInIndex = 0; path = "Pick UpTests.xctest"; sourceTree = BUILT_PRODUCTS_DIR; };
		279DCB18302CAA3C00F19BA7 /* Pick UpUITests.xctest */ = {isa = PBXFileReference; explicitFileType = wrapper.cfbundle; includeInIndex = 0; path = "Pick UpUITests.xctest"; sourceTree = BUILT_PRODUCTS_DIR; };
/* End PBXFileReference section */

/* Begin PBXFileSystemSynchronizedRootGroup section */
		279DCB03302CAA3B00F19BA7 /* Pick Up */ = {
			isa = PBXFileSystemSynchronizedRootGroup;
			path = "Pick Up";
			sourceTree = "<group>";
		};
		279DCB11302CAA3C00F19BA7 /* Pick UpTests */ = {
			isa = PBXFileSystemSynchronizedRootGroup;
			path = "Pick UpTests";
			sourceTree = "<group>";
		};
		279DCB1B302CAA3C00F19BA7 /* Pick UpUITests */ = {
			isa = PBXFileSystemSynchronizedRootGroup;
			path = "Pick UpUITests";
			sourceTree = "<group>";
		};
/* End PBXFileSystemSynchronizedRootGroup section */

/* Begin PBXFrameworksBuildPhase section */
		279DCAFE302CAA3B00F19BA7 /* Frameworks */ = {
			isa = PBXFrameworksBuildPhase;
			buildActionMask = 2147483647;
			files = (
			);
			runOnlyForDeploymentPostprocessing = 0;
		};
		279DCB0B302CAA3C00F19BA7 /* Frameworks */ = {
			isa = PBXFrameworksBuildPhase;
			buildActionMask = 2147483647;
			files = (
			);
			runOnlyForDeploymentPostprocessing = 0;
		};
		279DCB15302CAA3C00F19BA7 /* Frameworks */ = {
			isa = PBXFrameworksBuildPhase;
			buildActionMask = 2147483647;
			files = (
			);
			runOnlyForDeploymentPostprocessing = 0;
		};
/* End PBXFrameworksBuildPhase section */

/* Begin PBXGroup section */
		279DCAF8302CAA3B00F19BA7 = {
			isa = PBXGroup;
			children = (
				279DCB03302CAA3B00F19BA7 /* Pick Up */,
				279DCB11302CAA3C00F19BA7 /* Pick UpTests */,
				279DCB1B302CAA3C00F19BA7 /* Pick UpUITests */,
				279DCB02302CAA3B00F19BA7 /* Products */,
			);
			sourceTree = "<group>";
		};
		279DCB02302CAA3B00F19BA7 /* Products */ = {
			isa = PBXGroup;
			children = (
				279DCB01302CAA3B00F19BA7 /* Pick Up.app */,
				279DCB0E302CAA3C00F19BA7 /* Pick UpTests.xctest */,
				279DCB18302CAA3C00F19BA7 /* Pick UpUITests.xctest */,
			);
			name = Products;
			sourceTree = "<group>";
		};
/* End PBXGroup section */

/* Begin PBXNativeTarget section */
		279DCB00302CAA3B00F19BA7 /* Pick Up */ = {
			isa = PBXNativeTarget;
			buildConfigurationList = 279DCB22302CAA3C00F19BA7 /* Build configuration list for PBXNativeTarget "Pick Up" */;
			buildPhases = (
				279DCAFD302CAA3B00F19BA7 /* Sources */,
				279DCAFE302CAA3B00F19BA7 /* Frameworks */,
				279DCAFF302CAA3B00F19BA7 /* Resources */,
			);
			buildRules = (
			);
			dependencies = (
			);
			fileSystemSynchronizedGroups = (
				279DCB03302CAA3B00F19BA7 /* Pick Up */,
			);
			name = "Pick Up";
			packageProductDependencies = (
			);
			productName = "Pick Up";
			productReference = 279DCB01302CAA3B00F19BA7 /* Pick Up.app */;
			productType = "com.apple.product-type.application";
		};
		279DCB0D302CAA3C00F19BA7 /* Pick UpTests */ = {
			isa = PBXNativeTarget;
			buildConfigurationList = 279DCB25302CAA3C00F19BA7 /* Build configuration list for PBXNativeTarget "Pick UpTests" */;
			buildPhases = (
				279DCB0A302CAA3C00F19BA7 /* Sources */,
				279DCB0B302CAA3C00F19BA7 /* Frameworks */,
				279DCB0C302CAA3C00F19BA7 /* Resources */,
			);
			buildRules = (
			);
			dependencies = (
				279DCB10302CAA3C00F19BA7 /* PBXTargetDependency */,
			);
			fileSystemSynchronizedGroups = (
				279DCB11302CAA3C00F19BA7 /* Pick UpTests */,
			);
			name = "Pick UpTests";
			packageProductDependencies = (
			);
			productName = "Pick UpTests";
			productReference = 279DCB0E302CAA3C00F19BA7 /* Pick UpTests.xctest */;
			productType = "com.apple.product-type.bundle.unit-test";
		};
		279DCB17302CAA3C00F19BA7 /* Pick UpUITests */ = {
			isa = PBXNativeTarget;
			buildConfigurationList = 279DCB28302CAA3C00F19BA7 /* Build configuration list for PBXNativeTarget "Pick UpUITests" */;
			buildPhases = (
				279DCB14302CAA3C00F19BA7 /* Sources */,
				279DCB15302CAA3C00F19BA7 /* Frameworks */,
				279DCB16302CAA3C00F19BA7 /* Resources */,
			);
			buildRules = (
			);
			dependencies = (
				279DCB1A302CAA3C00F19BA7 /* PBXTargetDependency */,
			);
			fileSystemSynchronizedGroups = (
				279DCB1B302CAA3C00F19BA7 /* Pick UpUITests */,
			);
			name = "Pick UpUITests";
			packageProductDependencies = (
			);
			productName = "Pick UpUITests";
			productReference = 279DCB18302CAA3C00F19BA7 /* Pick UpUITests.xctest */;
			productType = "com.apple.product-type.bundle.ui-testing";
		};
/* End PBXNativeTarget section */

/* Begin PBXProject section */
		279DCAF9302CAA3B00F19BA7 /* Project object */ = {
			isa = PBXProject;
			attributes = {
				BuildIndependentTargetsInParallel = 1;
				LastSwiftUpdateCheck = 2660;
				LastUpgradeCheck = 2660;
				TargetAttributes = {
					279DCB00302CAA3B00F19BA7 = {
						CreatedOnToolsVersion = 26.6;
					};
					279DCB0D302CAA3C00F19BA7 = {
						CreatedOnToolsVersion = 26.6;
						TestTargetID = 279DCB00302CAA3B00F19BA7;
					};
					279DCB17302CAA3C00F19BA7 = {
						CreatedOnToolsVersion = 26.6;
						TestTargetID = 279DCB00302CAA3B00F19BA7;
					};
				};
			};
			buildConfigurationList = 279DCAFC302CAA3B00F19BA7 /* Build configuration list for PBXProject "Pick Up" */;
			developmentRegion = en;
			hasScannedForEncodings = 0;
			knownRegions = (
				en,
				Base,
			);
			mainGroup = 279DCAF8302CAA3B00F19BA7;
			minimizedProjectReferenceProxies = 1;
			preferredProjectObjectVersion = 77;
			productRefGroup = 279DCB02302CAA3B00F19BA7 /* Products */;
			projectDirPath = "";
			projectRoot = "";
			targets = (
				279DCB00302CAA3B00F19BA7 /* Pick Up */,
				279DCB0D302CAA3C00F19BA7 /* Pick UpTests */,
				279DCB17302CAA3C00F19BA7 /* Pick UpUITests */,
			);
		};
/* End PBXProject section */

/* Begin PBXResourcesBuildPhase section */
		279DCAFF302CAA3B00F19BA7 /* Resources */ = {
			isa = PBXResourcesBuildPhase;
			buildActionMask = 2147483647;
			files = (
			);
			runOnlyForDeploymentPostprocessing = 0;
		};
		279DCB0C302CAA3C00F19BA7 /* Resources */ = {
			isa = PBXResourcesBuildPhase;
			buildActionMask = 2147483647;
			files = (
			);
			runOnlyForDeploymentPostprocessing = 0;
		};
		279DCB16302CAA3C00F19BA7 /* Resources */ = {
			isa = PBXResourcesBuildPhase;
			buildActionMask = 2147483647;
			files = (
			);
			runOnlyForDeploymentPostprocessing = 0;
		};
/* End PBXResourcesBuildPhase section */

/* Begin PBXSourcesBuildPhase section */
		279DCAFD302CAA3B00F19BA7 /* Sources */ = {
			isa = PBXSourcesBuildPhase;
			buildActionMask = 2147483647;
			files = (
			);
			runOnlyForDeploymentPostprocessing = 0;
		};
		279DCB0A302CAA3C00F19BA7 /* Sources */ = {
			isa = PBXSourcesBuildPhase;
			buildActionMask = 2147483647;
			files = (
			);
			runOnlyForDeploymentPostprocessing = 0;
		};
		279DCB14302CAA3C00F19BA7 /* Sources */ = {
			isa = PBXSourcesBuildPhase;
			buildActionMask = 2147483647;
			files = (
			);
			runOnlyForDeploymentPostprocessing = 0;
		};
/* End PBXSourcesBuildPhase section */

/* Begin PBXTargetDependency section */
		279DCB10302CAA3C00F19BA7 /* PBXTargetDependency */ = {
			isa = PBXTargetDependency;
			target = 279DCB00302CAA3B00F19BA7 /* Pick Up */;
			targetProxy = 279DCB0F302CAA3C00F19BA7 /* PBXContainerItemProxy */;
		};
		279DCB1A302CAA3C00F19BA7 /* PBXTargetDependency */ = {
			isa = PBXTargetDependency;
			target = 279DCB00302CAA3B00F19BA7 /* Pick Up */;
			targetProxy = 279DCB19302CAA3C00F19BA7 /* PBXContainerItemProxy */;
		};
/* End PBXTargetDependency section */

/* Begin XCBuildConfiguration section */
		279DCB20302CAA3C00F19BA7 /* Debug */ = {
			isa = XCBuildConfiguration;
			buildSettings = {
				ALWAYS_SEARCH_USER_PATHS = NO;
				ASSETCATALOG_COMPILER_GENERATE_SWIFT_ASSET_SYMBOL_EXTENSIONS = YES;
				CLANG_ANALYZER_NONNULL = YES;
				CLANG_ANALYZER_NUMBER_OBJECT_CONVERSION = YES_AGGRESSIVE;
				CLANG_CXX_LANGUAGE_STANDARD = "gnu++20";
				CLANG_ENABLE_MODULES = YES;
				CLANG_ENABLE_OBJC_ARC = YES;
				CLANG_ENABLE_OBJC_WEAK = YES;
				CLANG_WARN_BLOCK_CAPTURE_AUTORELEASING = YES;
				CLANG_WARN_BOOL_CONVERSION = YES;
				CLANG_WARN_COMMA = YES;
				CLANG_WARN_CONSTANT_CONVERSION = YES;
				CLANG_WARN_DEPRECATED_OBJC_IMPLEMENTATIONS = YES;
				CLANG_WARN_DIRECT_OBJC_ISA_USAGE = YES_ERROR;
				CLANG_WARN_DOCUMENTATION_COMMENTS = YES;
				CLANG_WARN_EMPTY_BODY = YES;
				CLANG_WARN_ENUM_CONVERSION = YES;
				CLANG_WARN_INFINITE_RECURSION = YES;
				CLANG_WARN_INT_CONVERSION = YES;
				CLANG_WARN_NON_LITERAL_NULL_CONVERSION = YES;
				CLANG_WARN_OBJC_IMPLICIT_RETAIN_SELF = YES;
				CLANG_WARN_OBJC_LITERAL_CONVERSION = YES;
				CLANG_WARN_OBJC_ROOT_CLASS = YES_ERROR;
				CLANG_WARN_QUOTED_INCLUDE_IN_FRAMEWORK_HEADER = YES;
				CLANG_WARN_RANGE_LOOP_ANALYSIS = YES;
				CLANG_WARN_STRICT_PROTOTYPES = YES;
				CLANG_WARN_SUSPICIOUS_MOVE = YES;
				CLANG_WARN_UNGUARDED_AVAILABILITY = YES_AGGRESSIVE;
				CLANG_WARN_UNREACHABLE_CODE = YES;
				CLANG_WARN__DUPLICATE_METHOD_MATCH = YES;
				COPY_PHASE_STRIP = NO;
				DEBUG_INFORMATION_FORMAT = dwarf;
				DEVELOPMENT_TEAM = D2G8858WRZ;
				ENABLE_STRICT_OBJC_MSGSEND = YES;
				ENABLE_TESTABILITY = YES;
				ENABLE_USER_SCRIPT_SANDBOXING = YES;
				GCC_C_LANGUAGE_STANDARD = gnu17;
				GCC_DYNAMIC_NO_PIC = NO;
				GCC_NO_COMMON_BLOCKS = YES;
				GCC_OPTIMIZATION_LEVEL = 0;
				GCC_PREPROCESSOR_DEFINITIONS = (
					"DEBUG=1",
					"$(inherited)",
				);
				GCC_WARN_64_TO_32_BIT_CONVERSION = YES;
				GCC_WARN_ABOUT_RETURN_TYPE = YES_ERROR;
				GCC_WARN_UNDECLARED_SELECTOR = YES;
				GCC_WARN_UNINITIALIZED_AUTOS = YES_AGGRESSIVE;
				GCC_WARN_UNUSED_FUNCTION = YES;
				GCC_WARN_UNUSED_VARIABLE = YES;
				LOCALIZATION_PREFERS_STRING_CATALOGS = YES;
				MACOSX_DEPLOYMENT_TARGET = 26.5;
				MTL_ENABLE_DEBUG_INFO = INCLUDE_SOURCE;
				MTL_FAST_MATH = YES;
				ONLY_ACTIVE_ARCH = YES;
				SDKROOT = macosx;
				SWIFT_ACTIVE_COMPILATION_CONDITIONS = "DEBUG $(inherited)";
				SWIFT_OPTIMIZATION_LEVEL = "-Onone";
			};
			name = Debug;
		};
		279DCB21302CAA3C00F19BA7 /* Release */ = {
			isa = XCBuildConfiguration;
			buildSettings = {
				ALWAYS_SEARCH_USER_PATHS = NO;
				ASSETCATALOG_COMPILER_GENERATE_SWIFT_ASSET_SYMBOL_EXTENSIONS = YES;
				CLANG_ANALYZER_NONNULL = YES;
				CLANG_ANALYZER_NUMBER_OBJECT_CONVERSION = YES_AGGRESSIVE;
				CLANG_CXX_LANGUAGE_STANDARD = "gnu++20";
				CLANG_ENABLE_MODULES = YES;
				CLANG_ENABLE_OBJC_ARC = YES;
				CLANG_ENABLE_OBJC_WEAK = YES;
				CLANG_WARN_BLOCK_CAPTURE_AUTORELEASING = YES;
				CLANG_WARN_BOOL_CONVERSION = YES;
				CLANG_WARN_COMMA = YES;
				CLANG_WARN_CONSTANT_CONVERSION = YES;
				CLANG_WARN_DEPRECATED_OBJC_IMPLEMENTATIONS = YES;
				CLANG_WARN_DIRECT_OBJC_ISA_USAGE = YES_ERROR;
				CLANG_WARN_DOCUMENTATION_COMMENTS = YES;
				CLANG_WARN_EMPTY_BODY = YES;
				CLANG_WARN_ENUM_CONVERSION = YES;
				CLANG_WARN_INFINITE_RECURSION = YES;
				CLANG_WARN_INT_CONVERSION = YES;
				CLANG_WARN_NON_LITERAL_NULL_CONVERSION = YES;
				CLANG_WARN_OBJC_IMPLICIT_RETAIN_SELF = YES;
				CLANG_WARN_OBJC_LITERAL_CONVERSION = YES;
				CLANG_WARN_OBJC_ROOT_CLASS = YES_ERROR;
				CLANG_WARN_QUOTED_INCLUDE_IN_FRAMEWORK_HEADER = YES;
				CLANG_WARN_RANGE_LOOP_ANALYSIS = YES;
				CLANG_WARN_STRICT_PROTOTYPES = YES;
				CLANG_WARN_SUSPICIOUS_MOVE = YES;
				CLANG_WARN_UNGUARDED_AVAILABILITY = YES_AGGRESSIVE;
				CLANG_WARN_UNREACHABLE_CODE = YES;
				CLANG_WARN__DUPLICATE_METHOD_MATCH = YES;
				COPY_PHASE_STRIP = NO;
				DEBUG_INFORMATION_FORMAT = "dwarf-with-dsym";
				DEVELOPMENT_TEAM = D2G8858WRZ;
				ENABLE_NS_ASSERTIONS = NO;
				ENABLE_STRICT_OBJC_MSGSEND = YES;
				ENABLE_USER_SCRIPT_SANDBOXING = YES;
				GCC_C_LANGUAGE_STANDARD = gnu17;
				GCC_NO_COMMON_BLOCKS = YES;
				GCC_WARN_64_TO_32_BIT_CONVERSION = YES;
				GCC_WARN_ABOUT_RETURN_TYPE = YES_ERROR;
				GCC_WARN_UNDECLARED_SELECTOR = YES;
				GCC_WARN_UNINITIALIZED_AUTOS = YES_AGGRESSIVE;
				GCC_WARN_UNUSED_FUNCTION = YES;
				GCC_WARN_UNUSED_VARIABLE = YES;
				LOCALIZATION_PREFERS_STRING_CATALOGS = YES;
				MACOSX_DEPLOYMENT_TARGET = 26.5;
				MTL_ENABLE_DEBUG_INFO = NO;
				MTL_FAST_MATH = YES;
				SDKROOT = macosx;
				SWIFT_COMPILATION_MODE = wholemodule;
			};
			name = Release;
		};
		279DCB23302CAA3C00F19BA7 /* Debug */ = {
			isa = XCBuildConfiguration;
			buildSettings = {
				ASSETCATALOG_COMPILER_APPICON_NAME = AppIcon;
				ASSETCATALOG_COMPILER_GLOBAL_ACCENT_COLOR_NAME = AccentColor;
				CODE_SIGN_STYLE = Automatic;
				COMBINE_HIDPI_IMAGES = YES;
				CURRENT_PROJECT_VERSION = 1;
				DEVELOPMENT_TEAM = D2G8858WRZ;
				ENABLE_APP_SANDBOX = YES;
				ENABLE_HARDENED_RUNTIME = YES;
				ENABLE_PREVIEWS = YES;
				ENABLE_USER_SELECTED_FILES = readonly;
				GENERATE_INFOPLIST_FILE = YES;
				INFOPLIST_KEY_NSHumanReadableCopyright = "";
				LD_RUNPATH_SEARCH_PATHS = (
					"$(inherited)",
					"@executable_path/../Frameworks",
				);
				MARKETING_VERSION = 1.0;
				PRODUCT_BUNDLE_IDENTIFIER = "space.chenkai.Pick-Up";
				PRODUCT_NAME = "$(TARGET_NAME)";
				REGISTER_APP_GROUPS = YES;
				STRING_CATALOG_GENERATE_SYMBOLS = YES;
				SWIFT_APPROACHABLE_CONCURRENCY = YES;
				SWIFT_DEFAULT_ACTOR_ISOLATION = MainActor;
				SWIFT_EMIT_LOC_STRINGS = YES;
				SWIFT_UPCOMING_FEATURE_MEMBER_IMPORT_VISIBILITY = YES;
				SWIFT_VERSION = 5.0;
			};
			name = Debug;
		};
		279DCB24302CAA3C00F19BA7 /* Release */ = {
			isa = XCBuildConfiguration;
			buildSettings = {
				ASSETCATALOG_COMPILER_APPICON_NAME = AppIcon;
				ASSETCATALOG_COMPILER_GLOBAL_ACCENT_COLOR_NAME = AccentColor;
				CODE_SIGN_STYLE = Automatic;
				COMBINE_HIDPI_IMAGES = YES;
				CURRENT_PROJECT_VERSION = 1;
				DEVELOPMENT_TEAM = D2G8858WRZ;
				ENABLE_APP_SANDBOX = YES;
				ENABLE_HARDENED_RUNTIME = YES;
				ENABLE_PREVIEWS = YES;
				ENABLE_USER_SELECTED_FILES = readonly;
				GENERATE_INFOPLIST_FILE = YES;
				INFOPLIST_KEY_NSHumanReadableCopyright = "";
				LD_RUNPATH_SEARCH_PATHS = (
					"$(inherited)",
					"@executable_path/../Frameworks",
				);
				MARKETING_VERSION = 1.0;
				PRODUCT_BUNDLE_IDENTIFIER = "space.chenkai.Pick-Up";
				PRODUCT_NAME = "$(TARGET_NAME)";
				REGISTER_APP_GROUPS = YES;
				STRING_CATALOG_GENERATE_SYMBOLS = YES;
				SWIFT_APPROACHABLE_CONCURRENCY = YES;
				SWIFT_DEFAULT_ACTOR_ISOLATION = MainActor;
				SWIFT_EMIT_LOC_STRINGS = YES;
				SWIFT_UPCOMING_FEATURE_MEMBER_IMPORT_VISIBILITY = YES;
				SWIFT_VERSION = 5.0;
			};
			name = Release;
		};
		279DCB26302CAA3C00F19BA7 /* Debug */ = {
			isa = XCBuildConfiguration;
			buildSettings = {
				BUNDLE_LOADER = "$(TEST_HOST)";
				CODE_SIGN_STYLE = Automatic;
				CURRENT_PROJECT_VERSION = 1;
				DEVELOPMENT_TEAM = D2G8858WRZ;
				GENERATE_INFOPLIST_FILE = YES;
				MACOSX_DEPLOYMENT_TARGET = 26.5;
				MARKETING_VERSION = 1.0;
				PRODUCT_BUNDLE_IDENTIFIER = "space.chenkai.Pick-UpTests";
				PRODUCT_NAME = "$(TARGET_NAME)";
				STRING_CATALOG_GENERATE_SYMBOLS = NO;
				SWIFT_APPROACHABLE_CONCURRENCY = YES;
				SWIFT_EMIT_LOC_STRINGS = NO;
				SWIFT_UPCOMING_FEATURE_MEMBER_IMPORT_VISIBILITY = YES;
				SWIFT_VERSION = 5.0;
				TEST_HOST = "$(BUILT_PRODUCTS_DIR)/Pick Up.app/$(BUNDLE_EXECUTABLE_FOLDER_PATH)/Pick Up";
			};
			name = Debug;
		};
		279DCB27302CAA3C00F19BA7 /* Release */ = {
			isa = XCBuildConfiguration;
			buildSettings = {
				BUNDLE_LOADER = "$(TEST_HOST)";
				CODE_SIGN_STYLE = Automatic;
				CURRENT_PROJECT_VERSION = 1;
				DEVELOPMENT_TEAM = D2G8858WRZ;
				GENERATE_INFOPLIST_FILE = YES;
				MACOSX_DEPLOYMENT_TARGET = 26.5;
				MARKETING_VERSION = 1.0;
				PRODUCT_BUNDLE_IDENTIFIER = "space.chenkai.Pick-UpTests";
				PRODUCT_NAME = "$(TARGET_NAME)";
				STRING_CATALOG_GENERATE_SYMBOLS = NO;
				SWIFT_APPROACHABLE_CONCURRENCY = YES;
				SWIFT_EMIT_LOC_STRINGS = NO;
				SWIFT_UPCOMING_FEATURE_MEMBER_IMPORT_VISIBILITY = YES;
				SWIFT_VERSION = 5.0;
				TEST_HOST = "$(BUILT_PRODUCTS_DIR)/Pick Up.app/$(BUNDLE_EXECUTABLE_FOLDER_PATH)/Pick Up";
			};
			name = Release;
		};
		279DCB29302CAA3C00F19BA7 /* Debug */ = {
			isa = XCBuildConfiguration;
			buildSettings = {
				CODE_SIGN_STYLE = Automatic;
				CURRENT_PROJECT_VERSION = 1;
				DEVELOPMENT_TEAM = D2G8858WRZ;
				GENERATE_INFOPLIST_FILE = YES;
				MARKETING_VERSION = 1.0;
				PRODUCT_BUNDLE_IDENTIFIER = "space.chenkai.Pick-UpUITests";
				PRODUCT_NAME = "$(TARGET_NAME)";
				STRING_CATALOG_GENERATE_SYMBOLS = NO;
				SWIFT_APPROACHABLE_CONCURRENCY = YES;
				SWIFT_EMIT_LOC_STRINGS = NO;
				SWIFT_UPCOMING_FEATURE_MEMBER_IMPORT_VISIBILITY = YES;
				SWIFT_VERSION = 5.0;
				TEST_TARGET_NAME = "Pick Up";
			};
			name = Debug;
		};
		279DCB2A302CAA3C00F19BA7 /* Release */ = {
			isa = XCBuildConfiguration;
			buildSettings = {
				CODE_SIGN_STYLE = Automatic;
				CURRENT_PROJECT_VERSION = 1;
				DEVELOPMENT_TEAM = D2G8858WRZ;
				GENERATE_INFOPLIST_FILE = YES;
				MARKETING_VERSION = 1.0;
				PRODUCT_BUNDLE_IDENTIFIER = "space.chenkai.Pick-UpUITests";
				PRODUCT_NAME = "$(TARGET_NAME)";
				STRING_CATALOG_GENERATE_SYMBOLS = NO;
				SWIFT_APPROACHABLE_CONCURRENCY = YES;
				SWIFT_EMIT_LOC_STRINGS = NO;
				SWIFT_UPCOMING_FEATURE_MEMBER_IMPORT_VISIBILITY = YES;
				SWIFT_VERSION = 5.0;
				TEST_TARGET_NAME = "Pick Up";
			};
			name = Release;
		};
/* End XCBuildConfiguration section */

/* Begin XCConfigurationList section */
		279DCAFC302CAA3B00F19BA7 /* Build configuration list for PBXProject "Pick Up" */ = {
			isa = XCConfigurationList;
			buildConfigurations = (
				279DCB20302CAA3C00F19BA7 /* Debug */,
				279DCB21302CAA3C00F19BA7 /* Release */,
			);
			defaultConfigurationIsVisible = 0;
			defaultConfigurationName = Release;
		};
		279DCB22302CAA3C00F19BA7 /* Build configuration list for PBXNativeTarget "Pick Up" */ = {
			isa = XCConfigurationList;
			buildConfigurations = (
				279DCB23302CAA3C00F19BA7 /* Debug */,
				279DCB24302CAA3C00F19BA7 /* Release */,
			);
			defaultConfigurationIsVisible = 0;
			defaultConfigurationName = Release;
		};
		279DCB25302CAA3C00F19BA7 /* Build configuration list for PBXNativeTarget "Pick UpTests" */ = {
			isa = XCConfigurationList;
			buildConfigurations = (
				279DCB26302CAA3C00F19BA7 /* Debug */,
				279DCB27302CAA3C00F19BA7 /* Release */,
			);
			defaultConfigurationIsVisible = 0;
			defaultConfigurationName = Release;
		};
		279DCB28302CAA3C00F19BA7 /* Build configuration list for PBXNativeTarget "Pick UpUITests" */ = {
			isa = XCConfigurationList;
			buildConfigurations = (
				279DCB29302CAA3C00F19BA7 /* Debug */,
				279DCB2A302CAA3C00F19BA7 /* Release */,
			);
			defaultConfigurationIsVisible = 0;
			defaultConfigurationName = Release;
		};
/* End XCConfigurationList section */
	};
	rootObject = 279DCAF9302CAA3B00F19BA7 /* Project object */;
}
